
Microsoft Visual Studio Solution File, Format Version 12.00
# Visual Studio Version 16
VisualStudioVersion = 16.0.29920.165
MinimumVisualStudioVersion = 10.0.40219.1
Project("{FAE04EC0-301F-11D3-BF4B-00C04F79EFBC}") = "BlazorGetElementByIdBug", "BlazorGetElementByIdBug.csproj", "{B496406A-8939-457B-BE7F-D9D3E365EFCC}"
EndProject
Global
	GlobalSection(SolutionConfigurationPlatforms) = preSolution
		Debug|Any CPU = Debug|Any CPU
		Release|Any CPU = Release|Any CPU
	EndGlobalSection
	GlobalSection(ProjectConfigurationPlatforms) = postSolution
		{B496406A-8939-457B-BE7F-D9D3E365EFCC}.Debug|Any CPU.ActiveCfg = Debug|Any CPU
		{B496406A-8939-457B-BE7F-D9D3E365EFCC}.Debug|Any CPU.Build.0 = Debug|Any CPU
		{B496406A-8939-457B-BE7F-D9D3E365EFCC}.Release|Any CPU.ActiveCfg = Release|Any CPU
		{B496406A-8939-457B-BE7F-D9D3E365EFCC}.Release|Any CPU.Build.0 = Release|Any CPU
	EndGlobalSection
	GlobalSection(SolutionProperties) = preSolution
		HideSolutionNode = FALSE
	EndGlobalSection
	GlobalSection(ExtensibilityGlobals) = postSolution
		SolutionGuid = {C5089B8D-2183-40B7-B305-0DAD34EEB309}
	EndGlobalSection
EndGlobal
